// !$*UTF8*$!
{
	archiveVersion = 1;
	classes = {
	};
	objectVersion = 50;
	objects = {

/* Begin PBXBuildFile section */
		04CE84BD25594AB300A28428 /* AppDelegate.m in Sources */ = {isa = PBXBuildFile; fileRef = 04CE84BC25594AB300A28428 /* AppDelegate.m */; };
		04CE84C025594AB300A28428 /* SceneDelegate.m in Sources */ = {isa = PBXBuildFile; fileRef = 04CE84BF25594AB300A28428 /* SceneDelegate.m */; };
		04CE84C325594AB300A28428 /* ViewController.m in Sources */ = {isa = PBXBuildFile; fileRef = 04CE84C225594AB300A28428 /* ViewController.m */; };
		04CE84C625594AB300A28428 /* Main.storyboard in Resources */ = {isa = PBXBuildFile; fileRef = 04CE84C425594AB300A28428 /* Main.storyboard */; };
		04CE84C825594AB700A28428 /* Assets.xcassets in Resources */ = {isa = PBXBuildFile; fileRef = 04CE84C725594AB700A28428 /* Assets.xcassets */; };
		04CE84CB25594AB700A28428 /* LaunchScreen.storyboard in Resources */ = {isa = PBXBuildFile; fileRef = 04CE84C925594AB700A28428 /* LaunchScreen.storyboard */; };
		04CE84CE25594AB700A28428 /* main.m in Sources */ = {isa = PBXBuildFile; fileRef = 04CE84CD25594AB700A28428 /* main.m */; };
/* End PBXBuildFile section */

/* Begin PBXFileReference section */
		04CE84B825594AB300A28428 /* Basic_debugging.app */ = {isa = PBXFileReference; explicitFileType = wrapper.application; includeInIndex = 0; path = Basic_debugging.app; sourceTree = BUILT_PRODUCTS_DIR; };
		04CE84BB25594AB300A28428 /* AppDelegate.h */ = {isa = PBXFileReference; lastKnownFileType = sourcecode.c.h; path = AppDelegate.h; sourceTree = "<group>"; };
		04CE84BC25594AB300A28428 /* AppDelegate.m */ = {isa = PBXFileReference; lastKnownFileType = sourcecode.c.objc; path = AppDelegate.m; sourceTree = "<group>"; };
		04CE84BE25594AB300A28428 /* SceneDelegate.h */ = {isa = PBXFileReference; lastKnownFileType = sourcecode.c.h; path = SceneDelegate.h; sourceTree = "<group>"; };
		04CE84BF25594AB300A28428 /* SceneDelegate.m */ = {isa = PBXFileReference; lastKnownFileType = sourcecode.c.objc; path = SceneDelegate.m; sourceTree = "<group>"; };
		04CE84C125594AB300A28428 /* ViewController.h */ = {isa = PBXFileReference; lastKnownFileType = sourcecode.c.h; path = ViewController.h; sourceTree = "<group>"; };
		04CE84C225594AB300A28428 /* ViewController.m */ = {isa = PBXFileReference; lastKnownFileType = sourcecode.c.objc; path = ViewController.m; sourceTree = "<group>"; };
		04CE84C525594AB300A28428 /* Base */ = {isa = PBXFileReference; lastKnownFileType = file.storyboard; name = Base; path = Base.lproj/Main.storyboard; sourceTree = "<group>"; };
		04CE84C725594AB700A28428 /* Assets.xcassets */ = {isa = PBXFileReference; lastKnownFileType = folder.assetcatalog; path = Assets.xcassets; sourceTree = "<group>"; };
		04CE84CA25594AB700A28428 /* Base */ = {isa = PBXFileReference; lastKnownFileType = file.storyboard; name = Base; path = Base.lproj/LaunchScreen.storyboard; sourceTree = "<group>"; };
		04CE84CC25594AB700A28428 /* Info.plist */ = {isa = PBXFileReference; lastKnownFileType = text.plist.xml; path = Info.plist; sourceTree = "<group>"; };
		04CE84CD25594AB700A28428 /* main.m */ = {isa = PBXFileReference; lastKnownFileType = sourcecode.c.objc; path = main.m; sourceTree = "<group>"; };
/* End PBXFileReference section */

/* Begin PBXFrameworksBuildPhase section */
		04CE84B525594AB300A28428 /* Frameworks */ = {
			isa = PBXFrameworksBuildPhase;
			buildActionMask = 2147483647;
			files = (
			);
			runOnlyForDeploymentPostprocessing = 0;
		};
/* End PBXFrameworksBuildPhase section */

/* Begin PBXGroup section */
		04CE84AF25594AB300A28428 = {
			isa = PBXGroup;
			children = (
				04CE84BA25594AB300A28428 /* Basic_debugging */,
				04CE84B925594AB300A28428 /* Products */,
			);
			sourceTree = "<group>";
		};
		04CE84B925594AB300A28428 /* Products */ = {
			isa = PBXGroup;
			children = (
				04CE84B825594AB300A28428 /* Basic_debugging.app */,
			);
			name = Products;
			sourceTree = "<group>";
		};
		04CE84BA25594AB300A28428 /* Basic_debugging */ = {
			isa = PBXGroup;
			children = (
				04CE84BB25594AB300A28428 /* AppDelegate.h */,
				04CE84BC25594AB300A28428 /* AppDelegate.m */,
				04CE84BE25594AB300A28428 /* SceneDelegate.h */,
				04CE84BF25594AB300A28428 /* SceneDelegate.m */,
				04CE84C125594AB300A28428 /* ViewController.h */,
				04CE84C225594AB300A28428 /* ViewController.m */,
				04CE84C425594AB300A28428 /* Main.storyboard */,
				04CE84C725594AB700A28428 /* Assets.xcassets */,
				04CE84C925594AB700A28428 /* LaunchScreen.storyboard */,
				04CE84CC25594AB700A28428 /* Info.plist */,
				04CE84CD25594AB700A28428 /* main.m */,
			);
			path = Basic_debugging;
			sourceTree = "<group>";
		};
/* End PBXGroup section */

/* Begin PBXNativeTarget section */
		04CE84B725594AB300A28428 /* Basic_debugging */ = {
			isa = PBXNativeTarget;
			buildConfigurationList = 04CE84D125594AB700A28428 /* Build configuration list for PBXNativeTarget "Basic_debugging" */;
			buildPhases = (
				04CE84B425594AB300A28428 /* Sources */,
				04CE84B525594AB300A28428 /* Frameworks */,
				04CE84B625594AB300A28428 /* Resources */,
			);
			buildRules = (
			);
			dependencies = (
			);
			name = Basic_debugging;
			productName = Basic_debugging;
			productReference = 04CE84B825594AB300A28428 /* Basic_debugging.app */;
			productType = "com.apple.product-type.application";
		};
/* End PBXNativeTarget section */

/* Begin PBXProject section */
		04CE84B025594AB300A28428 /* Project object */ = {
			isa = PBXProject;
			attributes = {
				CLASSPREFIX = KN;
				LastUpgradeCheck = 1200;
				ORGANIZATIONNAME = "https://kunnan.blog.csdn.net/    ";
				TargetAttributes = {
					04CE84B725594AB300A28428 = {
						CreatedOnToolsVersion = 12.0;
					};
				};
			};
			buildConfigurationList = 04CE84B325594AB300A28428 /* Build configuration list for PBXProject "Basic_debugging" */;
			compatibilityVersion = "Xcode 9.3";
			developmentRegion = en;
			hasScannedForEncodings = 0;
			knownRegions = (
				en,
				Base,
			);
			mainGroup = 04CE84AF25594AB300A28428;
			productRefGroup = 04CE84B925594AB300A28428 /* Products */;
			projectDirPath = "";
			projectRoot = "";
			targets = (
				04CE84B725594AB300A28428 /* Basic_debugging */,
			);
		};
/* End PBXProject section */

/* Begin PBXResourcesBuildPhase section */
		04CE84B625594AB300A28428 /* Resources */ = {
			isa = PBXResourcesBuildPhase;
			buildActionMask = 2147483647;
			files = (
				04CE84CB25594AB700A28428 /* LaunchScreen.storyboard in Resources */,
				04CE84C825594AB700A28428 /* Assets.xcassets in Resources */,
				04CE84C625594AB300A28428 /* Main.storyboard in Resources */,
			);
			runOnlyForDeploymentPostprocessing = 0;
		};
/* End PBXResourcesBuildPhase section */

/* Begin PBXSourcesBuildPhase section */
		04CE84B425594AB300A28428 /* Sources */ = {
			isa = PBXSourcesBuildPhase;
			buildActionMask = 2147483647;
			files = (
				04CE84C325594AB300A28428 /* ViewController.m in Sources */,
				04CE84BD25594AB300A28428 /* AppDelegate.m in Sources */,
				04CE84CE25594AB700A28428 /* main.m in Sources */,
				04CE84C025594AB300A28428 /* SceneDelegate.m in Sources */,
			);
			runOnlyForDeploymentPostprocessing = 0;
		};
/* End PBXSourcesBuildPhase section */

/* Begin PBXVariantGroup section */
		04CE84C425594AB300A28428 /* Main.storyboard */ = {
			isa = PBXVariantGroup;
			children = (
				04CE84C525594AB300A28428 /* Base */,
			);
			name = Main.storyboard;
			sourceTree = "<group>";
		};
		04CE84C925594AB700A28428 /* LaunchScreen.storyboard */ = {
			isa = PBXVariantGroup;
			children = (
				04CE84CA25594AB700A28428 /* Base */,
			);
			name = LaunchScreen.storyboard;
			sourceTree = "<group>";
		};
/* End PBXVariantGroup section */

/* Begin XCBuildConfiguration section */
		04CE84CF25594AB700A28428 /* Debug */ = {
			isa = XCBuildConfiguration;
			buildSettings = {
				ALWAYS_SEARCH_USER_PATHS = NO;
				CLANG_ANALYZER_NONNULL = YES;
				CLANG_ANALYZER_NUMBER_OBJECT_CONVERSION = YES_AGGRESSIVE;
				CLANG_CXX_LANGUAGE_STANDARD = "gnu++14";
				CLANG_CXX_LIBRARY = "libc++";
				CLANG_ENABLE_MODULES = YES;
				CLANG_ENABLE_OBJC_ARC = YES;
				CLANG_ENABLE_OBJC_WEAK = YES;
				CLANG_WARN_BLOCK_CAPTURE_AUTORELEASING = YES;
				CLANG_WARN_BOOL_CONVERSION = YES;
				CLANG_WARN_COMMA = YES;
				CLANG_WARN_CONSTANT_CONVERSION = YES;
				CLANG_WARN_DEPRECATED_OBJC_IMPLEMENTATIONS = YES;
				CLANG_WARN_DIRECT_OBJC_ISA_USAGE = YES_ERROR;
				CLANG_WARN_DOCUMENTATION_COMMENTS = YES;
				CLANG_WARN_EMPTY_BODY = YES;
				CLANG_WARN_ENUM_CONVERSION = YES;
				CLANG_WARN_INFINITE_RECURSION = YES;
				CLANG_WARN_INT_CONVERSION = YES;
				CLANG_WARN_NON_LITERAL_NULL_CONVERSION = YES;
				CLANG_WARN_OBJC_IMPLICIT_RETAIN_SELF = YES;
				CLANG_WARN_OBJC_LITERAL_CONVERSION = YES;
				CLANG_WARN_OBJC_ROOT_CLASS = YES_ERROR;
				CLANG_WARN_QUOTED_INCLUDE_IN_FRAMEWORK_HEADER = YES;
				CLANG_WARN_RANGE_LOOP_ANALYSIS = YES;
				CLANG_WARN_STRICT_PROTOTYPES = YES;
				CLANG_WARN_SUSPICIOUS_MOVE = YES;
				CLANG_WARN_UNGUARDED_AVAILABILITY = YES_AGGRESSIVE;
				CLANG_WARN_UNREACHABLE_CODE = YES;
				CLANG_WARN__DUPLICATE_METHOD_MATCH = YES;
				COPY_PHASE_STRIP = NO;
				DEBUG_INFORMATION_FORMAT = dwarf;
				ENABLE_STRICT_OBJC_MSGSEND = YES;
				ENABLE_TESTABILITY = YES;
				GCC_C_LANGUAGE_STANDARD = gnu11;
				GCC_DYNAMIC_NO_PIC = NO;
				GCC_NO_COMMON_BLOCKS = YES;
				GCC_OPTIMIZATION_LEVEL = 0;
				GCC_PREPROCESSOR_DEFINITIONS = (
					"DEBUG=1",
					"$(inherited)",
				);
				GCC_WARN_64_TO_32_BIT_CONVERSION = YES;
				GCC_WARN_ABOUT_RETURN_TYPE = YES_ERROR;
				GCC_WARN_UNDECLARED_SELECTOR = YES;
				GCC_WARN_UNINITIALIZED_AUTOS = YES_AGGRESSIVE;
				GCC_WARN_UNUSED_FUNCTION = YES;
				GCC_WARN_UNUSED_VARIABLE = YES;
				IPHONEOS_DEPLOYMENT_TARGET = 14.0;
				MTL_ENABLE_DEBUG_INFO = INCLUDE_SOURCE;
				MTL_FAST_MATH = YES;
				ONLY_ACTIVE_ARCH = YES;
				SDKROOT = iphoneos;
			};
			name = Debug;
		};
		04CE84D025594AB700A28428 /* Release */ = {
			isa = XCBuildConfiguration;
			buildSettings = {
				ALWAYS_SEARCH_USER_PATHS = NO;
				CLANG_ANALYZER_NONNULL = YES;
				CLANG_ANALYZER_NUMBER_OBJECT_CONVERSION = YES_AGGRESSIVE;
				CLANG_CXX_LANGUAGE_STANDARD = "gnu++14";
				CLANG_CXX_LIBRARY = "libc++";
				CLANG_ENABLE_MODULES = YES;
				CLANG_ENABLE_OBJC_ARC = YES;
				CLANG_ENABLE_OBJC_WEAK = YES;
				CLANG_WARN_BLOCK_CAPTURE_AUTORELEASING = YES;
				CLANG_WARN_BOOL_CONVERSION = YES;
				CLANG_WARN_COMMA = YES;
				CLANG_WARN_CONSTANT_CONVERSION = YES;
				CLANG_WARN_DEPRECATED_OBJC_IMPLEMENTATIONS = YES;
				CLANG_WARN_DIRECT_OBJC_ISA_USAGE = YES_ERROR;
				CLANG_WARN_DOCUMENTATION_COMMENTS = YES;
				CLANG_WARN_EMPTY_BODY = YES;
				CLANG_WARN_ENUM_CONVERSION = YES;
				CLANG_WARN_INFINITE_RECURSION = YES;
				CLANG_WARN_INT_CONVERSION = YES;
				CLANG_WARN_NON_LITERAL_NULL_CONVERSION = YES;
				CLANG_WARN_OBJC_IMPLICIT_RETAIN_SELF = YES;
				CLANG_WARN_OBJC_LITERAL_CONVERSION = YES;
				CLANG_WARN_OBJC_ROOT_CLASS = YES_ERROR;
				CLANG_WARN_QUOTED_INCLUDE_IN_FRAMEWORK_HEADER = YES;
				CLANG_WARN_RANGE_LOOP_ANALYSIS = YES;
				CLANG_WARN_STRICT_PROTOTYPES = YES;
				CLANG_WARN_SUSPICIOUS_MOVE = YES;
				CLANG_WARN_UNGUARDED_AVAILABILITY = YES_AGGRESSIVE;
				CLANG_WARN_UNREACHABLE_CODE = YES;
				CLANG_WARN__DUPLICATE_METHOD_MATCH = YES;
				COPY_PHASE_STRIP = NO;
				DEBUG_INFORMATION_FORMAT = "dwarf-with-dsym";
				ENABLE_NS_ASSERTIONS = NO;
				ENABLE_STRICT_OBJC_MSGSEND = YES;
				GCC_C_LANGUAGE_STANDARD = gnu11;
				GCC_NO_COMMON_BLOCKS = YES;
				GCC_WARN_64_TO_32_BIT_CONVERSION = YES;
				GCC_WARN_ABOUT_RETURN_TYPE = YES_ERROR;
				GCC_WARN_UNDECLARED_SELECTOR = YES;
				GCC_WARN_UNINITIALIZED_AUTOS = YES_AGGRESSIVE;
				GCC_WARN_UNUSED_FUNCTION = YES;
				GCC_WARN_UNUSED_VARIABLE = YES;
				IPHONEOS_DEPLOYMENT_TARGET = 14.0;
				MTL_ENABLE_DEBUG_INFO = NO;
				MTL_FAST_MATH = YES;
				SDKROOT = iphoneos;
				VALIDATE_PRODUCT = YES;
			};
			name = Release;
		};
		04CE84D225594AB700A28428 /* Debug */ = {
			isa = XCBuildConfiguration;
			buildSettings = {
				ASSETCATALOG_COMPILER_APPICON_NAME = AppIcon;
				ASSETCATALOG_COMPILER_GLOBAL_ACCENT_COLOR_NAME = AccentColor;
				CODE_SIGN_STYLE = Automatic;
				DEVELOPMENT_TEAM = 249PMS4KB9;
				INFOPLIST_FILE = Basic_debugging/Info.plist;
				LD_RUNPATH_SEARCH_PATHS = (
					"$(inherited)",
					"@executable_path/Frameworks",
				);
				PRODUCT_BUNDLE_IDENTIFIER = "kunnan.blog.csdn.net.Basic-debugging";
				PRODUCT_NAME = "$(TARGET_NAME)";
				TARGETED_DEVICE_FAMILY = "1,2";
			};
			name = Debug;
		};
		04CE84D325594AB700A28428 /* Release */ = {
			isa = XCBuildConfiguration;
			buildSettings = {
				ASSETCATALOG_COMPILER_APPICON_NAME = AppIcon;
				ASSETCATALOG_COMPILER_GLOBAL_ACCENT_COLOR_NAME = AccentColor;
				CODE_SIGN_STYLE = Automatic;
				DEVELOPMENT_TEAM = 249PMS4KB9;
				INFOPLIST_FILE = Basic_debugging/Info.plist;
				LD_RUNPATH_SEARCH_PATHS = (
					"$(inherited)",
					"@executable_path/Frameworks",
				);
				PRODUCT_BUNDLE_IDENTIFIER = "kunnan.blog.csdn.net.Basic-debugging";
				PRODUCT_NAME = "$(TARGET_NAME)";
				TARGETED_DEVICE_FAMILY = "1,2";
			};
			name = Release;
		};
/* End XCBuildConfiguration section */

/* Begin XCConfigurationList section */
		04CE84B325594AB300A28428 /* Build configuration list for PBXProject "Basic_debugging" */ = {
			isa = XCConfigurationList;
			buildConfigurations = (
				04CE84CF25594AB700A28428 /* Debug */,
				04CE84D025594AB700A28428 /* Release */,
			);
			defaultConfigurationIsVisible = 0;
			defaultConfigurationName = Release;
		};
		04CE84D125594AB700A28428 /* Build configuration list for PBXNativeTarget "Basic_debugging" */ = {
			isa = XCConfigurationList;
			buildConfigurations = (
				04CE84D225594AB700A28428 /* Debug */,
				04CE84D325594AB700A28428 /* Release */,
			);
			defaultConfigurationIsVisible = 0;
			defaultConfigurationName = Release;
		};
/* End XCConfigurationList section */
	};
	rootObject = 04CE84B025594AB300A28428 /* Project object */;
}
